// !$*UTF8*$!
{
	archiveVersion = 1;
	classes = {
	};
	objectVersion = 46;
	objects = {

/* Begin PBXBuildFile section */
		0AA720E11CB95F0E00BC3B47 /* UploadViewController.swift in Sources */ = {isa = PBXBuildFile; fileRef = 0AA720E01CB95F0E00BC3B47 /* UploadViewController.swift */; };
		0AA720E31CB96A5400BC3B47 /* HomeViewController.swift in Sources */ = {isa = PBXBuildFile; fileRef = 0AA720E21CB96A5400BC3B47 /* HomeViewController.swift */; };
		0ABC837A1CB9D6BA00E8A199 /* ConfirmViewController.swift in Sources */ = {isa = PBXBuildFile; fileRef = 0ABC83791CB9D6BA00E8A199 /* ConfirmViewController.swift */; };
		6202DB391CF2955F002528DC /* History.storyboard in Resources */ = {isa = PBXBuildFile; fileRef = 6202DB381CF2955F002528DC /* History.storyboard */; };
		6202DB3B1CF2A510002528DC /* HistoryTableViewController.swift in Sources */ = {isa = PBXBuildFile; fileRef = 6202DB3A1CF2A510002528DC /* HistoryTableViewController.swift */; };
		62884EF31CD99573006F6D71 /* User.swift in Sources */ = {isa = PBXBuildFile; fileRef = 62884EF21CD99573006F6D71 /* User.swift */; };
		6297B9711CD7CE4C00D8A1BC /* LoginViewController.swift in Sources */ = {isa = PBXBuildFile; fileRef = 6297B9701CD7CE4C00D8A1BC /* LoginViewController.swift */; };
		629B4EF01CE0637E00CFDD94 /* ChangePasswordViewController.swift in Sources */ = {isa = PBXBuildFile; fileRef = 629B4EEF1CE0637E00CFDD94 /* ChangePasswordViewController.swift */; };
		62B0E5AF1CD996FD0043670E /* Receipt.swift in Sources */ = {isa = PBXBuildFile; fileRef = 62B0E5AE1CD996FD0043670E /* Receipt.swift */; };
		62B0E5B11CD999330043670E /* RegisteredAppUsers.swift in Sources */ = {isa = PBXBuildFile; fileRef = 62B0E5B01CD999330043670E /* RegisteredAppUsers.swift */; };
		62B197C41CB9A3F200421FB9 /* Category.storyboard in Resources */ = {isa = PBXBuildFile; fileRef = 62B197C31CB9A3F200421FB9 /* Category.storyboard */; };
		62B197C61CB9A68500421FB9 /* CategoryTableViewController.swift in Sources */ = {isa = PBXBuildFile; fileRef = 62B197C51CB9A68500421FB9 /* CategoryTableViewController.swift */; };
		62C0781D1CB8BB8F0084B1E9 /* AppDelegate.swift in Sources */ = {isa = PBXBuildFile; fileRef = 62C0781C1CB8BB8F0084B1E9 /* AppDelegate.swift */; };
		62C0781F1CB8BB8F0084B1E9 /* ViewController.swift in Sources */ = {isa = PBXBuildFile; fileRef = 62C0781E1CB8BB8F0084B1E9 /* ViewController.swift */; };
		62C078221CB8BB8F0084B1E9 /* Main.storyboard in Resources */ = {isa = PBXBuildFile; fileRef = 62C078201CB8BB8F0084B1E9 /* Main.storyboard */; };
		62C078241CB8BB8F0084B1E9 /* Assets.xcassets in Resources */ = {isa = PBXBuildFile; fileRef = 62C078231CB8BB8F0084B1E9 /* Assets.xcassets */; };
		62C078271CB8BB8F0084B1E9 /* LaunchScreen.storyboard in Resources */ = {isa = PBXBuildFile; fileRef = 62C078251CB8BB8F0084B1E9 /* LaunchScreen.storyboard */; };
		62C078321CB8BB900084B1E9 /* RepayTests.swift in Sources */ = {isa = PBXBuildFile; fileRef = 62C078311CB8BB900084B1E9 /* RepayTests.swift */; };
		62C0783D1CB8BB900084B1E9 /* RepayUITests.swift in Sources */ = {isa = PBXBuildFile; fileRef = 62C0783C1CB8BB900084B1E9 /* RepayUITests.swift */; };
		62E63F1F1CE2FBF600FB23EA /* Interview.swift in Sources */ = {isa = PBXBuildFile; fileRef = 62E63F1E1CE2FBF600FB23EA /* Interview.swift */; };
		62E63F211CE2FD0600FB23EA /* Budget.swift in Sources */ = {isa = PBXBuildFile; fileRef = 62E63F201CE2FD0600FB23EA /* Budget.swift */; };
		62E63F231CE2FD5B00FB23EA /* RegisteredInterviews.swift in Sources */ = {isa = PBXBuildFile; fileRef = 62E63F221CE2FD5B00FB23EA /* RegisteredInterviews.swift */; };
		D2923C5229BD5C92A8D594E4 /* Pods_Repay.framework in Frameworks */ = {isa = PBXBuildFile; fileRef = 3668257FA0535E66BC8CBBE1 /* Pods_Repay.framework */; };
/* End PBXBuildFile section */

/* Begin PBXContainerItemProxy section */
		62C0782E1CB8BB900084B1E9 /* PBXContainerItemProxy */ = {
			isa = PBXContainerItemProxy;
			containerPortal = 62C078111CB8BB8F0084B1E9 /* Project object */;
			proxyType = 1;
			remoteGlobalIDString = 62C078181CB8BB8F0084B1E9;
			remoteInfo = Repay;
		};
		62C078391CB8BB900084B1E9 /* PBXContainerItemProxy */ = {
			isa = PBXContainerItemProxy;
			containerPortal = 62C078111CB8BB8F0084B1E9 /* Project object */;
			proxyType = 1;
			remoteGlobalIDString = 62C078181CB8BB8F0084B1E9;
			remoteInfo = Repay;
		};
/* End PBXContainerItemProxy section */

/* Begin PBXFileReference section */
		0438AACFDA68C6287623C2E8 /* Pods-Repay.release.xcconfig */ = {isa = PBXFileReference; includeInIndex = 1; lastKnownFileType = text.xcconfig; name = "Pods-Repay.release.xcconfig"; path = "Pods/Target Support Files/Pods-Repay/Pods-Repay.release.xcconfig"; sourceTree = "<group>"; };
		0AA720E01CB95F0E00BC3B47 /* UploadViewController.swift */ = {isa = PBXFileReference; fileEncoding = 4; lastKnownFileType = sourcecode.swift; path = UploadViewController.swift; sourceTree = "<group>"; };
		0AA720E21CB96A5400BC3B47 /* HomeViewController.swift */ = {isa = PBXFileReference; fileEncoding = 4; lastKnownFileType = sourcecode.swift; path = HomeViewController.swift; sourceTree = "<group>"; };
		0ABC83791CB9D6BA00E8A199 /* ConfirmViewController.swift */ = {isa = PBXFileReference; fileEncoding = 4; lastKnownFileType = sourcecode.swift; path = ConfirmViewController.swift; sourceTree = "<group>"; };
		3668257FA0535E66BC8CBBE1 /* Pods_Repay.framework */ = {isa = PBXFileReference; explicitFileType = wrapper.framework; includeInIndex = 0; path = Pods_Repay.framework; sourceTree = BUILT_PRODUCTS_DIR; };
		6202DB381CF2955F002528DC /* History.storyboard */ = {isa = PBXFileReference; fileEncoding = 4; lastKnownFileType = file.storyboard; path = History.storyboard; sourceTree = "<group>"; };
		6202DB3A1CF2A510002528DC /* HistoryTableViewController.swift */ = {isa = PBXFileReference; fileEncoding = 4; lastKnownFileType = sourcecode.swift; path = HistoryTableViewController.swift; sourceTree = "<group>"; };
		62884EF21CD99573006F6D71 /* User.swift */ = {isa = PBXFileReference; fileEncoding = 4; lastKnownFileType = sourcecode.swift; path = User.swift; sourceTree = "<group>"; };
		6297B9701CD7CE4C00D8A1BC /* LoginViewController.swift */ = {isa = PBXFileReference; fileEncoding = 4; lastKnownFileType = sourcecode.swift; path = LoginViewController.swift; sourceTree = "<group>"; };
		629B4EEF1CE0637E00CFDD94 /* ChangePasswordViewController.swift */ = {isa = PBXFileReference; fileEncoding = 4; lastKnownFileType = sourcecode.swift; path = ChangePasswordViewController.swift; sourceTree = "<group>"; };
		62B0E5AE1CD996FD0043670E /* Receipt.swift */ = {isa = PBXFileReference; fileEncoding = 4; lastKnownFileType = sourcecode.swift; path = Receipt.swift; sourceTree = "<group>"; };
		62B0E5B01CD999330043670E /* RegisteredAppUsers.swift */ = {isa = PBXFileReference; fileEncoding = 4; lastKnownFileType = sourcecode.swift; path = RegisteredAppUsers.swift; sourceTree = "<group>"; };
		62B197C31CB9A3F200421FB9 /* Category.storyboard */ = {isa = PBXFileReference; fileEncoding = 4; lastKnownFileType = file.storyboard; path = Category.storyboard; sourceTree = "<group>"; };
		62B197C51CB9A68500421FB9 /* CategoryTableViewController.swift */ = {isa = PBXFileReference; fileEncoding = 4; lastKnownFileType = sourcecode.swift; path = CategoryTableViewController.swift; sourceTree = "<group>"; };
		62C078191CB8BB8F0084B1E9 /* Repay.app */ = {isa = PBXFileReference; explicitFileType = wrapper.application; includeInIndex = 0; path = Repay.app; sourceTree = BUILT_PRODUCTS_DIR; };
		62C0781C1CB8BB8F0084B1E9 /* AppDelegate.swift */ = {isa = PBXFileReference; lastKnownFileType = sourcecode.swift; path = AppDelegate.swift; sourceTree = "<group>"; };
		62C0781E1CB8BB8F0084B1E9 /* ViewController.swift */ = {isa = PBXFileReference; lastKnownFileType = sourcecode.swift; path = ViewController.swift; sourceTree = "<group>"; };
		62C078211CB8BB8F0084B1E9 /* Base */ = {isa = PBXFileReference; lastKnownFileType = file.storyboard; name = Base; path = Base.lproj/Main.storyboard; sourceTree = "<group>"; };
		62C078231CB8BB8F0084B1E9 /* Assets.xcassets */ = {isa = PBXFileReference; lastKnownFileType = folder.assetcatalog; path = Assets.xcassets; sourceTree = "<group>"; };
		62C078261CB8BB8F0084B1E9 /* Base */ = {isa = PBXFileReference; lastKnownFileType = file.storyboard; name = Base; path = Base.lproj/LaunchScreen.storyboard; sourceTree = "<group>"; };
		62C078281CB8BB8F0084B1E9 /* Info.plist */ = {isa = PBXFileReference; lastKnownFileType = text.plist.xml; path = Info.plist; sourceTree = "<group>"; };
		62C0782D1CB8BB900084B1E9 /* RepayTests.xctest */ = {isa = PBXFileReference; explicitFileType = wrapper.cfbundle; includeInIndex = 0; path = RepayTests.xctest; sourceTree = BUILT_PRODUCTS_DIR; };
		62C078311CB8BB900084B1E9 /* RepayTests.swift */ = {isa = PBXFileReference; lastKnownFileType = sourcecode.swift; path = RepayTests.swift; sourceTree = "<group>"; };
		62C078331CB8BB900084B1E9 /* Info.plist */ = {isa = PBXFileReference; lastKnownFileType = text.plist.xml; path = Info.plist; sourceTree = "<group>"; };
		62C078381CB8BB900084B1E9 /* RepayUITests.xctest */ = {isa = PBXFileReference; explicitFileType = wrapper.cfbundle; includeInIndex = 0; path = RepayUITests.xctest; sourceTree = BUILT_PRODUCTS_DIR; };
		62C0783C1CB8BB900084B1E9 /* RepayUITests.swift */ = {isa = PBXFileReference; lastKnownFileType = sourcecode.swift; path = RepayUITests.swift; sourceTree = "<group>"; };
		62C0783E1CB8BB900084B1E9 /* Info.plist */ = {isa = PBXFileReference; lastKnownFileType = text.plist.xml; path = Info.plist; sourceTree = "<group>"; };
		62E63F1E1CE2FBF600FB23EA /* Interview.swift */ = {isa = PBXFileReference; fileEncoding = 4; lastKnownFileType = sourcecode.swift; path = Interview.swift; sourceTree = "<group>"; };
		62E63F201CE2FD0600FB23EA /* Budget.swift */ = {isa = PBXFileReference; fileEncoding = 4; lastKnownFileType = sourcecode.swift; path = Budget.swift; sourceTree = "<group>"; };
		62E63F221CE2FD5B00FB23EA /* RegisteredInterviews.swift */ = {isa = PBXFileReference; fileEncoding = 4; lastKnownFileType = sourcecode.swift; path = RegisteredInterviews.swift; sourceTree = "<group>"; };
		C86091C732AD7277A457C561 /* Pods-Repay.debug.xcconfig */ = {isa = PBXFileReference; includeInIndex = 1; lastKnownFileType = text.xcconfig; name = "Pods-Repay.debug.xcconfig"; path = "Pods/Target Support Files/Pods-Repay/Pods-Repay.debug.xcconfig"; sourceTree = "<group>"; };
/* End PBXFileReference section */

/* Begin PBXFrameworksBuildPhase section */
		62C078161CB8BB8F0084B1E9 /* Frameworks */ = {
			isa = PBXFrameworksBuildPhase;
			buildActionMask = 2147483647;
			files = (
				D2923C5229BD5C92A8D594E4 /* Pods_Repay.framework in Frameworks */,
			);
			runOnlyForDeploymentPostprocessing = 0;
		};
		62C0782A1CB8BB900084B1E9 /* Frameworks */ = {
			isa = PBXFrameworksBuildPhase;
			buildActionMask = 2147483647;
			files = (
			);
			runOnlyForDeploymentPostprocessing = 0;
		};
		62C078351CB8BB900084B1E9 /* Frameworks */ = {
			isa = PBXFrameworksBuildPhase;
			buildActionMask = 2147483647;
			files = (
			);
			runOnlyForDeploymentPostprocessing = 0;
		};
/* End PBXFrameworksBuildPhase section */

/* Begin PBXGroup section */
		4A472E3C5BEEDE18904CD7FB /* Pods */ = {
			isa = PBXGroup;
			children = (
				C86091C732AD7277A457C561 /* Pods-Repay.debug.xcconfig */,
				0438AACFDA68C6287623C2E8 /* Pods-Repay.release.xcconfig */,
				DDB6CDE3676429C2B6EE5BA9 /* Frameworks */,
			);
			name = Pods;
			sourceTree = "<group>";
		};
		62AEBD3F1CCD55D4000925AE /* Model */ = {
			isa = PBXGroup;
			children = (
				62884EF21CD99573006F6D71 /* User.swift */,
				62E63F201CE2FD0600FB23EA /* Budget.swift */,
				62E63F221CE2FD5B00FB23EA /* RegisteredInterviews.swift */,
				62B0E5AE1CD996FD0043670E /* Receipt.swift */,
				62B0E5B01CD999330043670E /* RegisteredAppUsers.swift */,
				62E63F1E1CE2FBF600FB23EA /* Interview.swift */,
			);
			name = Model;
			sourceTree = "<group>";
		};
		62AEBD411CCD55EC000925AE /* View */ = {
			isa = PBXGroup;
			children = (
				62C078201CB8BB8F0084B1E9 /* Main.storyboard */,
				62B197C31CB9A3F200421FB9 /* Category.storyboard */,
				6202DB381CF2955F002528DC /* History.storyboard */,
				62C078251CB8BB8F0084B1E9 /* LaunchScreen.storyboard */,
			);
			name = View;
			sourceTree = "<group>";
		};
		62AEBD421CCD55F9000925AE /* Controller */ = {
			isa = PBXGroup;
			children = (
				629B4EEF1CE0637E00CFDD94 /* ChangePasswordViewController.swift */,
				62C0781C1CB8BB8F0084B1E9 /* AppDelegate.swift */,
				62C0781E1CB8BB8F0084B1E9 /* ViewController.swift */,
				62B197C51CB9A68500421FB9 /* CategoryTableViewController.swift */,
				6202DB3A1CF2A510002528DC /* HistoryTableViewController.swift */,
				0AA720E01CB95F0E00BC3B47 /* UploadViewController.swift */,
				0ABC83791CB9D6BA00E8A199 /* ConfirmViewController.swift */,
				0AA720E21CB96A5400BC3B47 /* HomeViewController.swift */,
				6297B9701CD7CE4C00D8A1BC /* LoginViewController.swift */,
			);
			name = Controller;
			sourceTree = "<group>";
		};
		62C078101CB8BB8F0084B1E9 = {
			isa = PBXGroup;
			children = (
				62C0781B1CB8BB8F0084B1E9 /* Repay */,
				62C078301CB8BB900084B1E9 /* RepayTests */,
				62C0783B1CB8BB900084B1E9 /* RepayUITests */,
				62C0781A1CB8BB8F0084B1E9 /* Products */,
				4A472E3C5BEEDE18904CD7FB /* Pods */,
			);
			sourceTree = "<group>";
		};
		62C0781A1CB8BB8F0084B1E9 /* Products */ = {
			isa = PBXGroup;
			children = (
				62C078191CB8BB8F0084B1E9 /* Repay.app */,
				62C0782D1CB8BB900084B1E9 /* RepayTests.xctest */,
				62C078381CB8BB900084B1E9 /* RepayUITests.xctest */,
			);
			name = Products;
			sourceTree = "<group>";
		};
		62C0781B1CB8BB8F0084B1E9 /* Repay */ = {
			isa = PBXGroup;
			children = (
				62AEBD421CCD55F9000925AE /* Controller */,
				62AEBD411CCD55EC000925AE /* View */,
				62AEBD3F1CCD55D4000925AE /* Model */,
				62C078231CB8BB8F0084B1E9 /* Assets.xcassets */,
				62C078281CB8BB8F0084B1E9 /* Info.plist */,
			);
			path = Repay;
			sourceTree = "<group>";
		};
		62C078301CB8BB900084B1E9 /* RepayTests */ = {
			isa = PBXGroup;
			children = (
				62C078311CB8BB900084B1E9 /* RepayTests.swift */,
				62C078331CB8BB900084B1E9 /* Info.plist */,
			);
			path = RepayTests;
			sourceTree = "<group>";
		};
		62C0783B1CB8BB900084B1E9 /* RepayUITests */ = {
			isa = PBXGroup;
			children = (
				62C0783C1CB8BB900084B1E9 /* RepayUITests.swift */,
				62C0783E1CB8BB900084B1E9 /* Info.plist */,
			);
			path = RepayUITests;
			sourceTree = "<group>";
		};
		DDB6CDE3676429C2B6EE5BA9 /* Frameworks */ = {
			isa = PBXGroup;
			children = (
				3668257FA0535E66BC8CBBE1 /* Pods_Repay.framework */,
			);
			name = Frameworks;
			sourceTree = "<group>";
		};
/* End PBXGroup section */

/* Begin PBXNativeTarget section */
		62C078181CB8BB8F0084B1E9 /* Repay */ = {
			isa = PBXNativeTarget;
			buildConfigurationList = 62C078411CB8BB900084B1E9 /* Build configuration list for PBXNativeTarget "Repay" */;
			buildPhases = (
				8817F45B1F110CCC6943786B /* Check Pods Manifest.lock */,
				62C078151CB8BB8F0084B1E9 /* Sources */,
				62C078161CB8BB8F0084B1E9 /* Frameworks */,
				62C078171CB8BB8F0084B1E9 /* Resources */,
				AC5D0BAAD659E9048B014C36 /* Embed Pods Frameworks */,
				CE1FB1D488D2444CB5B374B4 /* Copy Pods Resources */,
			);
			buildRules = (
			);
			dependencies = (
			);
			name = Repay;
			productName = Repay;
			productReference = 62C078191CB8BB8F0084B1E9 /* Repay.app */;
			productType = "com.apple.product-type.application";
		};
		62C0782C1CB8BB900084B1E9 /* RepayTests */ = {
			isa = PBXNativeTarget;
			buildConfigurationList = 62C078441CB8BB900084B1E9 /* Build configuration list for PBXNativeTarget "RepayTests" */;
			buildPhases = (
				62C078291CB8BB900084B1E9 /* Sources */,
				62C0782A1CB8BB900084B1E9 /* Frameworks */,
				62C0782B1CB8BB900084B1E9 /* Resources */,
			);
			buildRules = (
			);
			dependencies = (
				62C0782F1CB8BB900084B1E9 /* PBXTargetDependency */,
			);
			name = RepayTests;
			productName = RepayTests;
			productReference = 62C0782D1CB8BB900084B1E9 /* RepayTests.xctest */;
			productType = "com.apple.product-type.bundle.unit-test";
		};
		62C078371CB8BB900084B1E9 /* RepayUITests */ = {
			isa = PBXNativeTarget;
			buildConfigurationList = 62C078471CB8BB900084B1E9 /* Build configuration list for PBXNativeTarget "RepayUITests" */;
			buildPhases = (
				62C078341CB8BB900084B1E9 /* Sources */,
				62C078351CB8BB900084B1E9 /* Frameworks */,
				62C078361CB8BB900084B1E9 /* Resources */,
			);
			buildRules = (
			);
			dependencies = (
				62C0783A1CB8BB900084B1E9 /* PBXTargetDependency */,
			);
			name = RepayUITests;
			productName = RepayUITests;
			productReference = 62C078381CB8BB900084B1E9 /* RepayUITests.xctest */;
			productType = "com.apple.product-type.bundle.ui-testing";
		};
/* End PBXNativeTarget section */

/* Begin PBXProject section */
		62C078111CB8BB8F0084B1E9 /* Project object */ = {
			isa = PBXProject;
			attributes = {
				LastSwiftUpdateCheck = 0730;
				LastUpgradeCheck = 0730;
				ORGANIZATIONNAME = "Esha Joshi";
				TargetAttributes = {
					62C078181CB8BB8F0084B1E9 = {
						CreatedOnToolsVersion = 7.3;
						DevelopmentTeam = V6SSATY838;
					};
					62C0782C1CB8BB900084B1E9 = {
						CreatedOnToolsVersion = 7.3;
						DevelopmentTeam = V6SSATY838;
						TestTargetID = 62C078181CB8BB8F0084B1E9;
					};
					62C078371CB8BB900084B1E9 = {
						CreatedOnToolsVersion = 7.3;
						DevelopmentTeam = V6SSATY838;
						TestTargetID = 62C078181CB8BB8F0084B1E9;
					};
				};
			};
			buildConfigurationList = 62C078141CB8BB8F0084B1E9 /* Build configuration list for PBXProject "Repay" */;
			compatibilityVersion = "Xcode 3.2";
			developmentRegion = English;
			hasScannedForEncodings = 0;
			knownRegions = (
				en,
				Base,
			);
			mainGroup = 62C078101CB8BB8F0084B1E9;
			productRefGroup = 62C0781A1CB8BB8F0084B1E9 /* Products */;
			projectDirPath = "";
			projectRoot = "";
			targets = (
				62C078181CB8BB8F0084B1E9 /* Repay */,
				62C0782C1CB8BB900084B1E9 /* RepayTests */,
				62C078371CB8BB900084B1E9 /* RepayUITests */,
			);
		};
/* End PBXProject section */

/* Begin PBXResourcesBuildPhase section */
		62C078171CB8BB8F0084B1E9 /* Resources */ = {
			isa = PBXResourcesBuildPhase;
			buildActionMask = 2147483647;
			files = (
				62B197C41CB9A3F200421FB9 /* Category.storyboard in Resources */,
				62C078271CB8BB8F0084B1E9 /* LaunchScreen.storyboard in Resources */,
				62C078241CB8BB8F0084B1E9 /* Assets.xcassets in Resources */,
				6202DB391CF2955F002528DC /* History.storyboard in Resources */,
				62C078221CB8BB8F0084B1E9 /* Main.storyboard in Resources */,
			);
			runOnlyForDeploymentPostprocessing = 0;
		};
		62C0782B1CB8BB900084B1E9 /* Resources */ = {
			isa = PBXResourcesBuildPhase;
			buildActionMask = 2147483647;
			files = (
			);
			runOnlyForDeploymentPostprocessing = 0;
		};
		62C078361CB8BB900084B1E9 /* Resources */ = {
			isa = PBXResourcesBuildPhase;
			buildActionMask = 2147483647;
			files = (
			);
			runOnlyForDeploymentPostprocessing = 0;
		};
/* End PBXResourcesBuildPhase section */

/* Begin PBXShellScriptBuildPhase section */
		8817F45B1F110CCC6943786B /* Check Pods Manifest.lock */ = {
			isa = PBXShellScriptBuildPhase;
			buildActionMask = 2147483647;
			files = (
			);
			inputPaths = (
			);
			name = "Check Pods Manifest.lock";
			outputPaths = (
			);
			runOnlyForDeploymentPostprocessing = 0;
			shellPath = /bin/sh;
			shellScript = "diff \"${PODS_ROOT}/../Podfile.lock\" \"${PODS_ROOT}/Manifest.lock\" > /dev/null\nif [[ $? != 0 ]] ; then\n    cat << EOM\nerror: The sandbox is not in sync with the Podfile.lock. Run 'pod install' or update your CocoaPods installation.\nEOM\n    exit 1\nfi\n";
			showEnvVarsInLog = 0;
		};
		AC5D0BAAD659E9048B014C36 /* Embed Pods Frameworks */ = {
			isa = PBXShellScriptBuildPhase;
			buildActionMask = 2147483647;
			files = (
			);
			inputPaths = (
			);
			name = "Embed Pods Frameworks";
			outputPaths = (
			);
			runOnlyForDeploymentPostprocessing = 0;
			shellPath = /bin/sh;
			shellScript = "\"${SRCROOT}/Pods/Target Support Files/Pods-Repay/Pods-Repay-frameworks.sh\"\n";
			showEnvVarsInLog = 0;
		};
		CE1FB1D488D2444CB5B374B4 /* Copy Pods Resources */ = {
			isa = PBXShellScriptBuildPhase;
			buildActionMask = 2147483647;
			files = (
			);
			inputPaths = (
			);
			name = "Copy Pods Resources";
			outputPaths = (
			);
			runOnlyForDeploymentPostprocessing = 0;
			shellPath = /bin/sh;
			shellScript = "\"${SRCROOT}/Pods/Target Support Files/Pods-Repay/Pods-Repay-resources.sh\"\n";
			showEnvVarsInLog = 0;
		};
/* End PBXShellScriptBuildPhase section */

/* Begin PBXSourcesBuildPhase section */
		62C078151CB8BB8F0084B1E9 /* Sources */ = {
			isa = PBXSourcesBuildPhase;
			buildActionMask = 2147483647;
			files = (
				62B0E5AF1CD996FD0043670E /* Receipt.swift in Sources */,
				62B0E5B11CD999330043670E /* RegisteredAppUsers.swift in Sources */,
				0AA720E31CB96A5400BC3B47 /* HomeViewController.swift in Sources */,
				62E63F1F1CE2FBF600FB23EA /* Interview.swift in Sources */,
				62C0781F1CB8BB8F0084B1E9 /* ViewController.swift in Sources */,
				62E63F231CE2FD5B00FB23EA /* RegisteredInterviews.swift in Sources */,
				0AA720E11CB95F0E00BC3B47 /* UploadViewController.swift in Sources */,
				629B4EF01CE0637E00CFDD94 /* ChangePasswordViewController.swift in Sources */,
				6202DB3B1CF2A510002528DC /* HistoryTableViewController.swift in Sources */,
				62C0781D1CB8BB8F0084B1E9 /* AppDelegate.swift in Sources */,
				6297B9711CD7CE4C00D8A1BC /* LoginViewController.swift in Sources */,
				62884EF31CD99573006F6D71 /* User.swift in Sources */,
				0ABC837A1CB9D6BA00E8A199 /* ConfirmViewController.swift in Sources */,
				62E63F211CE2FD0600FB23EA /* Budget.swift in Sources */,
				62B197C61CB9A68500421FB9 /* CategoryTableViewController.swift in Sources */,
			);
			runOnlyForDeploymentPostprocessing = 0;
		};
		62C078291CB8BB900084B1E9 /* Sources */ = {
			isa = PBXSourcesBuildPhase;
			buildActionMask = 2147483647;
			files = (
				62C078321CB8BB900084B1E9 /* RepayTests.swift in Sources */,
			);
			runOnlyForDeploymentPostprocessing = 0;
		};
		62C078341CB8BB900084B1E9 /* Sources */ = {
			isa = PBXSourcesBuildPhase;
			buildActionMask = 2147483647;
			files = (
				62C0783D1CB8BB900084B1E9 /* RepayUITests.swift in Sources */,
			);
			runOnlyForDeploymentPostprocessing = 0;
		};
/* End PBXSourcesBuildPhase section */

/* Begin PBXTargetDependency section */
		62C0782F1CB8BB900084B1E9 /* PBXTargetDependency */ = {
			isa = PBXTargetDependency;
			target = 62C078181CB8BB8F0084B1E9 /* Repay */;
			targetProxy = 62C0782E1CB8BB900084B1E9 /* PBXContainerItemProxy */;
		};
		62C0783A1CB8BB900084B1E9 /* PBXTargetDependency */ = {
			isa = PBXTargetDependency;
			target = 62C078181CB8BB8F0084B1E9 /* Repay */;
			targetProxy = 62C078391CB8BB900084B1E9 /* PBXContainerItemProxy */;
		};
/* End PBXTargetDependency section */

/* Begin PBXVariantGroup section */
		62C078201CB8BB8F0084B1E9 /* Main.storyboard */ = {
			isa = PBXVariantGroup;
			children = (
				62C078211CB8BB8F0084B1E9 /* Base */,
			);
			name = Main.storyboard;
			sourceTree = "<group>";
		};
		62C078251CB8BB8F0084B1E9 /* LaunchScreen.storyboard */ = {
			isa = PBXVariantGroup;
			children = (
				62C078261CB8BB8F0084B1E9 /* Base */,
			);
			name = LaunchScreen.storyboard;
			sourceTree = "<group>";
		};
/* End PBXVariantGroup section */

/* Begin XCBuildConfiguration section */
		62C0783F1CB8BB900084B1E9 /* Debug */ = {
			isa = XCBuildConfiguration;
			buildSettings = {
				ALWAYS_SEARCH_USER_PATHS = NO;
				CLANG_ANALYZER_NONNULL = YES;
				CLANG_CXX_LANGUAGE_STANDARD = "gnu++0x";
				CLANG_CXX_LIBRARY = "libc++";
				CLANG_ENABLE_MODULES = YES;
				CLANG_ENABLE_OBJC_ARC = YES;
				CLANG_WARN_BOOL_CONVERSION = YES;
				CLANG_WARN_CONSTANT_CONVERSION = YES;
				CLANG_WARN_DIRECT_OBJC_ISA_USAGE = YES_ERROR;
				CLANG_WARN_EMPTY_BODY = YES;
				CLANG_WARN_ENUM_CONVERSION = YES;
				CLANG_WARN_INT_CONVERSION = YES;
				CLANG_WARN_OBJC_ROOT_CLASS = YES_ERROR;
				CLANG_WARN_UNREACHABLE_CODE = YES;
				CLANG_WARN__DUPLICATE_METHOD_MATCH = YES;
				"CODE_SIGN_IDENTITY[sdk=iphoneos*]" = "iPhone Developer";
				COPY_PHASE_STRIP = NO;
				DEBUG_INFORMATION_FORMAT = dwarf;
				ENABLE_STRICT_OBJC_MSGSEND = YES;
				ENABLE_TESTABILITY = YES;
				GCC_C_LANGUAGE_STANDARD = gnu99;
				GCC_DYNAMIC_NO_PIC = NO;
				GCC_NO_COMMON_BLOCKS = YES;
				GCC_OPTIMIZATION_LEVEL = 0;
				GCC_PREPROCESSOR_DEFINITIONS = (
					"DEBUG=1",
					"$(inherited)",
				);
				GCC_WARN_64_TO_32_BIT_CONVERSION = YES;
				GCC_WARN_ABOUT_RETURN_TYPE = YES_ERROR;
				GCC_WARN_UNDECLARED_SELECTOR = YES;
				GCC_WARN_UNINITIALIZED_AUTOS = YES_AGGRESSIVE;
				GCC_WARN_UNUSED_FUNCTION = YES;
				GCC_WARN_UNUSED_VARIABLE = YES;
				IPHONEOS_DEPLOYMENT_TARGET = 9.3;
				MTL_ENABLE_DEBUG_INFO = YES;
				ONLY_ACTIVE_ARCH = YES;
				SDKROOT = iphoneos;
				SWIFT_OPTIMIZATION_LEVEL = "-Onone";
			};
			name = Debug;
		};
		62C078401CB8BB900084B1E9 /* Release */ = {
			isa = XCBuildConfiguration;
			buildSettings = {
				ALWAYS_SEARCH_USER_PATHS = NO;
				CLANG_ANALYZER_NONNULL = YES;
				CLANG_CXX_LANGUAGE_STANDARD = "gnu++0x";
				CLANG_CXX_LIBRARY = "libc++";
				CLANG_ENABLE_MODULES = YES;
				CLANG_ENABLE_OBJC_ARC = YES;
				CLANG_WARN_BOOL_CONVERSION = YES;
				CLANG_WARN_CONSTANT_CONVERSION = YES;
				CLANG_WARN_DIRECT_OBJC_ISA_USAGE = YES_ERROR;
				CLANG_WARN_EMPTY_BODY = YES;
				CLANG_WARN_ENUM_CONVERSION = YES;
				CLANG_WARN_INT_CONVERSION = YES;
				CLANG_WARN_OBJC_ROOT_CLASS = YES_ERROR;
				CLANG_WARN_UNREACHABLE_CODE = YES;
				CLANG_WARN__DUPLICATE_METHOD_MATCH = YES;
				"CODE_SIGN_IDENTITY[sdk=iphoneos*]" = "iPhone Developer";
				COPY_PHASE_STRIP = NO;
				DEBUG_INFORMATION_FORMAT = "dwarf-with-dsym";
				ENABLE_NS_ASSERTIONS = NO;
				ENABLE_STRICT_OBJC_MSGSEND = YES;
				GCC_C_LANGUAGE_STANDARD = gnu99;
				GCC_NO_COMMON_BLOCKS = YES;
				GCC_WARN_64_TO_32_BIT_CONVERSION = YES;
				GCC_WARN_ABOUT_RETURN_TYPE = YES_ERROR;
				GCC_WARN_UNDECLARED_SELECTOR = YES;
				GCC_WARN_UNINITIALIZED_AUTOS = YES_AGGRESSIVE;
				GCC_WARN_UNUSED_FUNCTION = YES;
				GCC_WARN_UNUSED_VARIABLE = YES;
				IPHONEOS_DEPLOYMENT_TARGET = 9.3;
				MTL_ENABLE_DEBUG_INFO = NO;
				SDKROOT = iphoneos;
				VALIDATE_PRODUCT = YES;
			};
			name = Release;
		};
		62C078421CB8BB900084B1E9 /* Debug */ = {
			isa = XCBuildConfiguration;
			baseConfigurationReference = C86091C732AD7277A457C561 /* Pods-Repay.debug.xcconfig */;
			buildSettings = {
				ASSETCATALOG_COMPILER_APPICON_NAME = AppIcon;
				CODE_SIGN_IDENTITY = "iPhone Developer";
				"CODE_SIGN_IDENTITY[sdk=iphoneos*]" = "iPhone Developer";
				INFOPLIST_FILE = Repay/Info.plist;
				LD_RUNPATH_SEARCH_PATHS = "$(inherited) @executable_path/Frameworks";
				PRODUCT_BUNDLE_IDENTIFIER = com.esha.Repay;
				PRODUCT_NAME = "$(TARGET_NAME)";
				PROVISIONING_PROFILE = "";
			};
			name = Debug;
		};
		62C078431CB8BB900084B1E9 /* Release */ = {
			isa = XCBuildConfiguration;
			baseConfigurationReference = 0438AACFDA68C6287623C2E8 /* Pods-Repay.release.xcconfig */;
			buildSettings = {
				ASSETCATALOG_COMPILER_APPICON_NAME = AppIcon;
				CODE_SIGN_IDENTITY = "iPhone Developer";
				"CODE_SIGN_IDENTITY[sdk=iphoneos*]" = "iPhone Developer";
				"FRAMEWORK_SEARCH_PATHS[arch=*]" = "$(SRCROOT)/**";
				INFOPLIST_FILE = Repay/Info.plist;
				LD_RUNPATH_SEARCH_PATHS = "$(inherited) @executable_path/Frameworks";
				PRODUCT_BUNDLE_IDENTIFIER = com.esha.Repay;
				PRODUCT_NAME = "$(TARGET_NAME)";
				PROVISIONING_PROFILE = "";
			};
			name = Release;
		};
		62C078451CB8BB900084B1E9 /* Debug */ = {
			isa = XCBuildConfiguration;
			buildSettings = {
				BUNDLE_LOADER = "$(TEST_HOST)";
				INFOPLIST_FILE = RepayTests/Info.plist;
				LD_RUNPATH_SEARCH_PATHS = "$(inherited) @executable_path/Frameworks @loader_path/Frameworks";
				PRODUCT_BUNDLE_IDENTIFIER = com.example.RepayTests;
				PRODUCT_NAME = "$(TARGET_NAME)";
				TEST_HOST = "$(BUILT_PRODUCTS_DIR)/Repay.app/Repay";
			};
			name = Debug;
		};
		62C078461CB8BB900084B1E9 /* Release */ = {
			isa = XCBuildConfiguration;
			buildSettings = {
				BUNDLE_LOADER = "$(TEST_HOST)";
				INFOPLIST_FILE = RepayTests/Info.plist;
				LD_RUNPATH_SEARCH_PATHS = "$(inherited) @executable_path/Frameworks @loader_path/Frameworks";
				PRODUCT_BUNDLE_IDENTIFIER = com.example.RepayTests;
				PRODUCT_NAME = "$(TARGET_NAME)";
				TEST_HOST = "$(BUILT_PRODUCTS_DIR)/Repay.app/Repay";
			};
			name = Release;
		};
		62C078481CB8BB900084B1E9 /* Debug */ = {
			isa = XCBuildConfiguration;
			buildSettings = {
				INFOPLIST_FILE = RepayUITests/Info.plist;
				LD_RUNPATH_SEARCH_PATHS = "$(inherited) @executable_path/Frameworks @loader_path/Frameworks";
				PRODUCT_BUNDLE_IDENTIFIER = com.example.RepayUITests;
				PRODUCT_NAME = "$(TARGET_NAME)";
				TEST_TARGET_NAME = Repay;
			};
			name = Debug;
		};
		62C078491CB8BB900084B1E9 /* Release */ = {
			isa = XCBuildConfiguration;
			buildSettings = {
				INFOPLIST_FILE = RepayUITests/Info.plist;
				LD_RUNPATH_SEARCH_PATHS = "$(inherited) @executable_path/Frameworks @loader_path/Frameworks";
				PRODUCT_BUNDLE_IDENTIFIER = com.example.RepayUITests;
				PRODUCT_NAME = "$(TARGET_NAME)";
				TEST_TARGET_NAME = Repay;
			};
			name = Release;
		};
/* End XCBuildConfiguration section */

/* Begin XCConfigurationList section */
		62C078141CB8BB8F0084B1E9 /* Build configuration list for PBXProject "Repay" */ = {
			isa = XCConfigurationList;
			buildConfigurations = (
				62C0783F1CB8BB900084B1E9 /* Debug */,
				62C078401CB8BB900084B1E9 /* Release */,
			);
			defaultConfigurationIsVisible = 0;
			defaultConfigurationName = Release;
		};
		62C078411CB8BB900084B1E9 /* Build configuration list for PBXNativeTarget "Repay" */ = {
			isa = XCConfigurationList;
			buildConfigurations = (
				62C078421CB8BB900084B1E9 /* Debug */,
				62C078431CB8BB900084B1E9 /* Release */,
			);
			defaultConfigurationIsVisible = 0;
			defaultConfigurationName = Release;
		};
		62C078441CB8BB900084B1E9 /* Build configuration list for PBXNativeTarget "RepayTests" */ = {
			isa = XCConfigurationList;
			buildConfigurations = (
				62C078451CB8BB900084B1E9 /* Debug */,
				62C078461CB8BB900084B1E9 /* Release */,
			);
			defaultConfigurationIsVisible = 0;
			defaultConfigurationName = Release;
		};
		62C078471CB8BB900084B1E9 /* Build configuration list for PBXNativeTarget "RepayUITests" */ = {
			isa = XCConfigurationList;
			buildConfigurations = (
				62C078481CB8BB900084B1E9 /* Debug */,
				62C078491CB8BB900084B1E9 /* Release */,
			);
			defaultConfigurationIsVisible = 0;
			defaultConfigurationName = Release;
		};
/* End XCConfigurationList section */
	};
	rootObject = 62C078111CB8BB8F0084B1E9 /* Project object */;
}
